// !$*UTF8*$!
{
	archiveVersion = 1;
	classes = {
	};
	objectVersion = 55;
	objects = {

/* Begin PBXBuildFile section */
		AC98C36C27E22121001EA4A4 /* AppDelegate.swift in Sources */ = {isa = PBXBuildFile; fileRef = AC98C36B27E22121001EA4A4 /* AppDelegate.swift */; };
		AC98C36E27E22121001EA4A4 /* SceneDelegate.swift in Sources */ = {isa = PBXBuildFile; fileRef = AC98C36D27E22121001EA4A4 /* SceneDelegate.swift */; };
		AC98C37327E22121001EA4A4 /* Main.storyboard in Resources */ = {isa = PBXBuildFile; fileRef = AC98C37127E22121001EA4A4 /* Main.storyboard */; };
		AC98C37527E22123001EA4A4 /* Assets.xcassets in Resources */ = {isa = PBXBuildFile; fileRef = AC98C37427E22123001EA4A4 /* Assets.xcassets */; };
		AC98C37827E22123001EA4A4 /* LaunchScreen.storyboard in Resources */ = {isa = PBXBuildFile; fileRef = AC98C37627E22123001EA4A4 /* LaunchScreen.storyboard */; };
		AC98C38127E22C9E001EA4A4 /* Alamofire in Frameworks */ = {isa = PBXBuildFile; productRef = AC98C38027E22C9E001EA4A4 /* Alamofire */; };
		AC98C38427E22CBF001EA4A4 /* SDWebImage in Frameworks */ = {isa = PBXBuildFile; productRef = AC98C38327E22CBF001EA4A4 /* SDWebImage */; };
		AC98C38627E22CEC001EA4A4 /* Response.swift in Sources */ = {isa = PBXBuildFile; fileRef = AC98C38527E22CEC001EA4A4 /* Response.swift */; };
		AC98C38827E24C9F001EA4A4 /* NewsTableViewCell.swift in Sources */ = {isa = PBXBuildFile; fileRef = AC98C38727E24C9F001EA4A4 /* NewsTableViewCell.swift */; };
		AC98C38A27E24CCA001EA4A4 /* NewsTableViewController.swift in Sources */ = {isa = PBXBuildFile; fileRef = AC98C38927E24CCA001EA4A4 /* NewsTableViewController.swift */; };
		AC98C3B227E25785001EA4A4 /* NetworkService.swift in Sources */ = {isa = PBXBuildFile; fileRef = AC98C3B127E25785001EA4A4 /* NetworkService.swift */; };
		AC98C3B927E3B1AF001EA4A4 /* Presenter.swift in Sources */ = {isa = PBXBuildFile; fileRef = AC98C3B827E3B1AF001EA4A4 /* Presenter.swift */; };
		AC98C3BD27E4B58C001EA4A4 /* NewsNetworkService.swift in Sources */ = {isa = PBXBuildFile; fileRef = AC98C3BC27E4B58C001EA4A4 /* NewsNetworkService.swift */; };
/* End PBXBuildFile section */

/* Begin PBXFileReference section */
		AC98C36827E22121001EA4A4 /* NewsFeed.app */ = {isa = PBXFileReference; explicitFileType = wrapper.application; includeInIndex = 0; path = NewsFeed.app; sourceTree = BUILT_PRODUCTS_DIR; };
		AC98C36B27E22121001EA4A4 /* AppDelegate.swift */ = {isa = PBXFileReference; lastKnownFileType = sourcecode.swift; path = AppDelegate.swift; sourceTree = "<group>"; };
		AC98C36D27E22121001EA4A4 /* SceneDelegate.swift */ = {isa = PBXFileReference; lastKnownFileType = sourcecode.swift; path = SceneDelegate.swift; sourceTree = "<group>"; };
		AC98C37227E22121001EA4A4 /* Base */ = {isa = PBXFileReference; lastKnownFileType = file.storyboard; name = Base; path = Base.lproj/Main.storyboard; sourceTree = "<group>"; };
		AC98C37427E22123001EA4A4 /* Assets.xcassets */ = {isa = PBXFileReference; lastKnownFileType = folder.assetcatalog; path = Assets.xcassets; sourceTree = "<group>"; };
		AC98C37727E22123001EA4A4 /* Base */ = {isa = PBXFileReference; lastKnownFileType = file.storyboard; name = Base; path = Base.lproj/LaunchScreen.storyboard; sourceTree = "<group>"; };
		AC98C37927E22123001EA4A4 /* Info.plist */ = {isa = PBXFileReference; lastKnownFileType = text.plist.xml; path = Info.plist; sourceTree = "<group>"; };
		AC98C38527E22CEC001EA4A4 /* Response.swift */ = {isa = PBXFileReference; lastKnownFileType = sourcecode.swift; path = Response.swift; sourceTree = "<group>"; };
		AC98C38727E24C9F001EA4A4 /* NewsTableViewCell.swift */ = {isa = PBXFileReference; lastKnownFileType = sourcecode.swift; path = NewsTableViewCell.swift; sourceTree = "<group>"; };
		AC98C38927E24CCA001EA4A4 /* NewsTableViewController.swift */ = {isa = PBXFileReference; lastKnownFileType = sourcecode.swift; path = NewsTableViewController.swift; sourceTree = "<group>"; };
		AC98C3B127E25785001EA4A4 /* NetworkService.swift */ = {isa = PBXFileReference; lastKnownFileType = sourcecode.swift; path = NetworkService.swift; sourceTree = "<group>"; };
		AC98C3B827E3B1AF001EA4A4 /* Presenter.swift */ = {isa = PBXFileReference; lastKnownFileType = sourcecode.swift; path = Presenter.swift; sourceTree = "<group>"; };
		AC98C3BC27E4B58C001EA4A4 /* NewsNetworkService.swift */ = {isa = PBXFileReference; lastKnownFileType = sourcecode.swift; path = NewsNetworkService.swift; sourceTree = "<group>"; };
/* End PBXFileReference section */

/* Begin PBXFrameworksBuildPhase section */
		AC98C36527E22121001EA4A4 /* Frameworks */ = {
			isa = PBXFrameworksBuildPhase;
			buildActionMask = 2147483647;
			files = (
				AC98C38427E22CBF001EA4A4 /* SDWebImage in Frameworks */,
				AC98C38127E22C9E001EA4A4 /* Alamofire in Frameworks */,
			);
			runOnlyForDeploymentPostprocessing = 0;
		};
/* End PBXFrameworksBuildPhase section */

/* Begin PBXGroup section */
		AC98C35F27E22121001EA4A4 = {
			isa = PBXGroup;
			children = (
				AC98C36A27E22121001EA4A4 /* NewsFeed */,
				AC98C36927E22121001EA4A4 /* Products */,
			);
			sourceTree = "<group>";
		};
		AC98C36927E22121001EA4A4 /* Products */ = {
			isa = PBXGroup;
			children = (
				AC98C36827E22121001EA4A4 /* NewsFeed.app */,
			);
			name = Products;
			sourceTree = "<group>";
		};
		AC98C36A27E22121001EA4A4 /* NewsFeed */ = {
			isa = PBXGroup;
			children = (
				AC98C3B527E3B15E001EA4A4 /* Model */,
				AC98C3B427E3B14C001EA4A4 /* View */,
				AC98C3B327E3B137001EA4A4 /* NetworkService */,
				AC98C3B727E3B19A001EA4A4 /* Presenter */,
				AC98C3B627E3B174001EA4A4 /* Supporting files */,
				AC98C37927E22123001EA4A4 /* Info.plist */,
			);
			path = NewsFeed;
			sourceTree = "<group>";
		};
		AC98C3B327E3B137001EA4A4 /* NetworkService */ = {
			isa = PBXGroup;
			children = (
				AC98C3B127E25785001EA4A4 /* NetworkService.swift */,
			);
			path = NetworkService;
			sourceTree = "<group>";
		};
		AC98C3B427E3B14C001EA4A4 /* View */ = {
			isa = PBXGroup;
			children = (
				AC98C37127E22121001EA4A4 /* Main.storyboard */,
				AC98C38927E24CCA001EA4A4 /* NewsTableViewController.swift */,
				AC98C38727E24C9F001EA4A4 /* NewsTableViewCell.swift */,
			);
			path = View;
			sourceTree = "<group>";
		};
		AC98C3B527E3B15E001EA4A4 /* Model */ = {
			isa = PBXGroup;
			children = (
				AC98C38527E22CEC001EA4A4 /* Response.swift */,
				AC98C3BC27E4B58C001EA4A4 /* NewsNetworkService.swift */,
			);
			path = Model;
			sourceTree = "<group>";
		};
		AC98C3B627E3B174001EA4A4 /* Supporting files */ = {
			isa = PBXGroup;
			children = (
				AC98C36B27E22121001EA4A4 /* AppDelegate.swift */,
				AC98C36D27E22121001EA4A4 /* SceneDelegate.swift */,
				AC98C37427E22123001EA4A4 /* Assets.xcassets */,
				AC98C37627E22123001EA4A4 /* LaunchScreen.storyboard */,
			);
			path = "Supporting files";
			sourceTree = "<group>";
		};
		AC98C3B727E3B19A001EA4A4 /* Presenter */ = {
			isa = PBXGroup;
			children = (
				AC98C3B827E3B1AF001EA4A4 /* Presenter.swift */,
			);
			path = Presenter;
			sourceTree = "<group>";
		};
/* End PBXGroup section */

/* Begin PBXNativeTarget section */
		AC98C36727E22121001EA4A4 /* NewsFeed */ = {
			isa = PBXNativeTarget;
			buildConfigurationList = AC98C37C27E22123001EA4A4 /* Build configuration list for PBXNativeTarget "NewsFeed" */;
			buildPhases = (
				AC98C36427E22121001EA4A4 /* Sources */,
				AC98C36527E22121001EA4A4 /* Frameworks */,
				AC98C36627E22121001EA4A4 /* Resources */,
			);
			buildRules = (
			);
			dependencies = (
			);
			name = NewsFeed;
			packageProductDependencies = (
				AC98C38027E22C9E001EA4A4 /* Alamofire */,
				AC98C38327E22CBF001EA4A4 /* SDWebImage */,
			);
			productName = NewsFeed;
			productReference = AC98C36827E22121001EA4A4 /* NewsFeed.app */;
			productType = "com.apple.product-type.application";
		};
/* End PBXNativeTarget section */

/* Begin PBXProject section */
		AC98C36027E22121001EA4A4 /* Project object */ = {
			isa = PBXProject;
			attributes = {
				BuildIndependentTargetsInParallel = 1;
				LastSwiftUpdateCheck = 1320;
				LastUpgradeCheck = 1320;
				TargetAttributes = {
					AC98C36727E22121001EA4A4 = {
						CreatedOnToolsVersion = 13.2.1;
					};
				};
			};
			buildConfigurationList = AC98C36327E22121001EA4A4 /* Build configuration list for PBXProject "NewsFeed" */;
			compatibilityVersion = "Xcode 13.0";
			developmentRegion = en;
			hasScannedForEncodings = 0;
			knownRegions = (
				en,
				Base,
			);
			mainGroup = AC98C35F27E22121001EA4A4;
			packageReferences = (
				AC98C37F27E22C9E001EA4A4 /* XCRemoteSwiftPackageReference "Alamofire" */,
				AC98C38227E22CBF001EA4A4 /* XCRemoteSwiftPackageReference "SDWebImage" */,
			);
			productRefGroup = AC98C36927E22121001EA4A4 /* Products */;
			projectDirPath = "";
			projectRoot = "";
			targets = (
				AC98C36727E22121001EA4A4 /* NewsFeed */,
			);
		};
/* End PBXProject section */

/* Begin PBXResourcesBuildPhase section */
		AC98C36627E22121001EA4A4 /* Resources */ = {
			isa = PBXResourcesBuildPhase;
			buildActionMask = 2147483647;
			files = (
				AC98C37827E22123001EA4A4 /* LaunchScreen.storyboard in Resources */,
				AC98C37527E22123001EA4A4 /* Assets.xcassets in Resources */,
				AC98C37327E22121001EA4A4 /* Main.storyboard in Resources */,
			);
			runOnlyForDeploymentPostprocessing = 0;
		};
/* End PBXResourcesBuildPhase section */

/* Begin PBXSourcesBuildPhase section */
		AC98C36427E22121001EA4A4 /* Sources */ = {
			isa = PBXSourcesBuildPhase;
			buildActionMask = 2147483647;
			files = (
				AC98C36C27E22121001EA4A4 /* AppDelegate.swift in Sources */,
				AC98C3B927E3B1AF001EA4A4 /* Presenter.swift in Sources */,
				AC98C38A27E24CCA001EA4A4 /* NewsTableViewController.swift in Sources */,
				AC98C3BD27E4B58C001EA4A4 /* NewsNetworkService.swift in Sources */,
				AC98C38827E24C9F001EA4A4 /* NewsTableViewCell.swift in Sources */,
				AC98C36E27E22121001EA4A4 /* SceneDelegate.swift in Sources */,
				AC98C38627E22CEC001EA4A4 /* Response.swift in Sources */,
				AC98C3B227E25785001EA4A4 /* NetworkService.swift in Sources */,
			);
			runOnlyForDeploymentPostprocessing = 0;
		};
/* End PBXSourcesBuildPhase section */

/* Begin PBXVariantGroup section */
		AC98C37127E22121001EA4A4 /* Main.storyboard */ = {
			isa = PBXVariantGroup;
			children = (
				AC98C37227E22121001EA4A4 /* Base */,
			);
			name = Main.storyboard;
			sourceTree = "<group>";
		};
		AC98C37627E22123001EA4A4 /* LaunchScreen.storyboard */ = {
			isa = PBXVariantGroup;
			children = (
				AC98C37727E22123001EA4A4 /* Base */,
			);
			name = LaunchScreen.storyboard;
			sourceTree = "<group>";
		};
/* End PBXVariantGroup section */

/* Begin XCBuildConfiguration section */
		AC98C37A27E22123001EA4A4 /* Debug */ = {
			isa = XCBuildConfiguration;
			buildSettings = {
				ALWAYS_SEARCH_USER_PATHS = NO;
				CLANG_ANALYZER_NONNULL = YES;
				CLANG_ANALYZER_NUMBER_OBJECT_CONVERSION = YES_AGGRESSIVE;
				CLANG_CXX_LANGUAGE_STANDARD = "gnu++17";
				CLANG_CXX_LIBRARY = "libc++";
				CLANG_ENABLE_MODULES = YES;
				CLANG_ENABLE_OBJC_ARC = YES;
				CLANG_ENABLE_OBJC_WEAK = YES;
				CLANG_WARN_BLOCK_CAPTURE_AUTORELEASING = YES;
				CLANG_WARN_BOOL_CONVERSION = YES;
				CLANG_WARN_COMMA = YES;
				CLANG_WARN_CONSTANT_CONVERSION = YES;
				CLANG_WARN_DEPRECATED_OBJC_IMPLEMENTATIONS = YES;
				CLANG_WARN_DIRECT_OBJC_ISA_USAGE = YES_ERROR;
				CLANG_WARN_DOCUMENTATION_COMMENTS = YES;
				CLANG_WARN_EMPTY_BODY = YES;
				CLANG_WARN_ENUM_CONVERSION = YES;
				CLANG_WARN_INFINITE_RECURSION = YES;
				CLANG_WARN_INT_CONVERSION = YES;
				CLANG_WARN_NON_LITERAL_NULL_CONVERSION = YES;
				CLANG_WARN_OBJC_IMPLICIT_RETAIN_SELF = YES;
				CLANG_WARN_OBJC_LITERAL_CONVERSION = YES;
				CLANG_WARN_OBJC_ROOT_CLASS = YES_ERROR;
				CLANG_WARN_QUOTED_INCLUDE_IN_FRAMEWORK_HEADER = YES;
				CLANG_WARN_RANGE_LOOP_ANALYSIS = YES;
				CLANG_WARN_STRICT_PROTOTYPES = YES;
				CLANG_WARN_SUSPICIOUS_MOVE = YES;
				CLANG_WARN_UNGUARDED_AVAILABILITY = YES_AGGRESSIVE;
				CLANG_WARN_UNREACHABLE_CODE = YES;
				CLANG_WARN__DUPLICATE_METHOD_MATCH = YES;
				COPY_PHASE_STRIP = NO;
				DEBUG_INFORMATION_FORMAT = dwarf;
				ENABLE_STRICT_OBJC_MSGSEND = YES;
				ENABLE_TESTABILITY = YES;
				GCC_C_LANGUAGE_STANDARD = gnu11;
				GCC_DYNAMIC_NO_PIC = NO;
				GCC_NO_COMMON_BLOCKS = YES;
				GCC_OPTIMIZATION_LEVEL = 0;
				GCC_PREPROCESSOR_DEFINITIONS = (
					"DEBUG=1",
					"$(inherited)",
				);
				GCC_WARN_64_TO_32_BIT_CONVERSION = YES;
				GCC_WARN_ABOUT_RETURN_TYPE = YES_ERROR;
				GCC_WARN_UNDECLARED_SELECTOR = YES;
				GCC_WARN_UNINITIALIZED_AUTOS = YES_AGGRESSIVE;
				GCC_WARN_UNUSED_FUNCTION = YES;
				GCC_WARN_UNUSED_VARIABLE = YES;
				IPHONEOS_DEPLOYMENT_TARGET = 15.2;
				MTL_ENABLE_DEBUG_INFO = INCLUDE_SOURCE;
				MTL_FAST_MATH = YES;
				ONLY_ACTIVE_ARCH = YES;
				SDKROOT = iphoneos;
				SWIFT_ACTIVE_COMPILATION_CONDITIONS = DEBUG;
				SWIFT_OPTIMIZATION_LEVEL = "-Onone";
			};
			name = Debug;
		};
		AC98C37B27E22123001EA4A4 /* Release */ = {
			isa = XCBuildConfiguration;
			buildSettings = {
				ALWAYS_SEARCH_USER_PATHS = NO;
				CLANG_ANALYZER_NONNULL = YES;
				CLANG_ANALYZER_NUMBER_OBJECT_CONVERSION = YES_AGGRESSIVE;
				CLANG_CXX_LANGUAGE_STANDARD = "gnu++17";
				CLANG_CXX_LIBRARY = "libc++";
				CLANG_ENABLE_MODULES = YES;
				CLANG_ENABLE_OBJC_ARC = YES;
				CLANG_ENABLE_OBJC_WEAK = YES;
				CLANG_WARN_BLOCK_CAPTURE_AUTORELEASING = YES;
				CLANG_WARN_BOOL_CONVERSION = YES;
				CLANG_WARN_COMMA = YES;
				CLANG_WARN_CONSTANT_CONVERSION = YES;
				CLANG_WARN_DEPRECATED_OBJC_IMPLEMENTATIONS = YES;
				CLANG_WARN_DIRECT_OBJC_ISA_USAGE = YES_ERROR;
				CLANG_WARN_DOCUMENTATION_COMMENTS = YES;
				CLANG_WARN_EMPTY_BODY = YES;
				CLANG_WARN_ENUM_CONVERSION = YES;
				CLANG_WARN_INFINITE_RECURSION = YES;
				CLANG_WARN_INT_CONVERSION = YES;
				CLANG_WARN_NON_LITERAL_NULL_CONVERSION = YES;
				CLANG_WARN_OBJC_IMPLICIT_RETAIN_SELF = YES;
				CLANG_WARN_OBJC_LITERAL_CONVERSION = YES;
				CLANG_WARN_OBJC_ROOT_CLASS = YES_ERROR;
				CLANG_WARN_QUOTED_INCLUDE_IN_FRAMEWORK_HEADER = YES;
				CLANG_WARN_RANGE_LOOP_ANALYSIS = YES;
				CLANG_WARN_STRICT_PROTOTYPES = YES;
				CLANG_WARN_SUSPICIOUS_MOVE = YES;
				CLANG_WARN_UNGUARDED_AVAILABILITY = YES_AGGRESSIVE;
				CLANG_WARN_UNREACHABLE_CODE = YES;
				CLANG_WARN__DUPLICATE_METHOD_MATCH = YES;
				COPY_PHASE_STRIP = NO;
				DEBUG_INFORMATION_FORMAT = "dwarf-with-dsym";
				ENABLE_NS_ASSERTIONS = NO;
				ENABLE_STRICT_OBJC_MSGSEND = YES;
				GCC_C_LANGUAGE_STANDARD = gnu11;
				GCC_NO_COMMON_BLOCKS = YES;
				GCC_WARN_64_TO_32_BIT_CONVERSION = YES;
				GCC_WARN_ABOUT_RETURN_TYPE = YES_ERROR;
				GCC_WARN_UNDECLARED_SELECTOR = YES;
				GCC_WARN_UNINITIALIZED_AUTOS = YES_AGGRESSIVE;
				GCC_WARN_UNUSED_FUNCTION = YES;
				GCC_WARN_UNUSED_VARIABLE = YES;
				IPHONEOS_DEPLOYMENT_TARGET = 15.2;
				MTL_ENABLE_DEBUG_INFO = NO;
				MTL_FAST_MATH = YES;
				SDKROOT = iphoneos;
				SWIFT_COMPILATION_MODE = wholemodule;
				SWIFT_OPTIMIZATION_LEVEL = "-O";
				VALIDATE_PRODUCT = YES;
			};
			name = Release;
		};
		AC98C37D27E22123001EA4A4 /* Debug */ = {
			isa = XCBuildConfiguration;
			buildSettings = {
				ASSETCATALOG_COMPILER_APPICON_NAME = AppIcon;
				ASSETCATALOG_COMPILER_GLOBAL_ACCENT_COLOR_NAME = AccentColor;
				CODE_SIGN_STYLE = Automatic;
				CURRENT_PROJECT_VERSION = 1;
				DEVELOPMENT_TEAM = 3RHD2X6JR9;
				GENERATE_INFOPLIST_FILE = YES;
				INFOPLIST_FILE = NewsFeed/Info.plist;
				INFOPLIST_KEY_UIApplicationSupportsIndirectInputEvents = YES;
				INFOPLIST_KEY_UILaunchStoryboardName = LaunchScreen;
				INFOPLIST_KEY_UIMainStoryboardFile = Main;
				INFOPLIST_KEY_UISupportedInterfaceOrientations_iPad = "UIInterfaceOrientationPortrait UIInterfaceOrientationPortraitUpsideDown UIInterfaceOrientationLandscapeLeft UIInterfaceOrientationLandscapeRight";
				INFOPLIST_KEY_UISupportedInterfaceOrientations_iPhone = "UIInterfaceOrientationPortrait UIInterfaceOrientationLandscapeLeft UIInterfaceOrientationLandscapeRight";
				LD_RUNPATH_SEARCH_PATHS = (
					"$(inherited)",
					"@executable_path/Frameworks",
				);
				MARKETING_VERSION = 1.0;
				PRODUCT_BUNDLE_IDENTIFIER = com.naidaMamaeva.NewsFeed;
				PRODUCT_NAME = "$(TARGET_NAME)";
				SWIFT_EMIT_LOC_STRINGS = YES;
				SWIFT_VERSION = 5.0;
				TARGETED_DEVICE_FAMILY = "1,2";
			};
			name = Debug;
		};
		AC98C37E27E22123001EA4A4 /* Release */ = {
			isa = XCBuildConfiguration;
			buildSettings = {
				ASSETCATALOG_COMPILER_APPICON_NAME = AppIcon;
				ASSETCATALOG_COMPILER_GLOBAL_ACCENT_COLOR_NAME = AccentColor;
				CODE_SIGN_STYLE = Automatic;
				CURRENT_PROJECT_VERSION = 1;
				DEVELOPMENT_TEAM = 3RHD2X6JR9;
				GENERATE_INFOPLIST_FILE = YES;
				INFOPLIST_FILE = NewsFeed/Info.plist;
				INFOPLIST_KEY_UIApplicationSupportsIndirectInputEvents = YES;
				INFOPLIST_KEY_UILaunchStoryboardName = LaunchScreen;
				INFOPLIST_KEY_UIMainStoryboardFile = Main;
				INFOPLIST_KEY_UISupportedInterfaceOrientations_iPad = "UIInterfaceOrientationPortrait UIInterfaceOrientationPortraitUpsideDown UIInterfaceOrientationLandscapeLeft UIInterfaceOrientationLandscapeRight";
				INFOPLIST_KEY_UISupportedInterfaceOrientations_iPhone = "UIInterfaceOrientationPortrait UIInterfaceOrientationLandscapeLeft UIInterfaceOrientationLandscapeRight";
				LD_RUNPATH_SEARCH_PATHS = (
					"$(inherited)",
					"@executable_path/Frameworks",
				);
				MARKETING_VERSION = 1.0;
				PRODUCT_BUNDLE_IDENTIFIER = com.naidaMamaeva.NewsFeed;
				PRODUCT_NAME = "$(TARGET_NAME)";
				SWIFT_EMIT_LOC_STRINGS = YES;
				SWIFT_VERSION = 5.0;
				TARGETED_DEVICE_FAMILY = "1,2";
			};
			name = Release;
		};
/* End XCBuildConfiguration section */

/* Begin XCConfigurationList section */
		AC98C36327E22121001EA4A4 /* Build configuration list for PBXProject "NewsFeed" */ = {
			isa = XCConfigurationList;
			buildConfigurations = (
				AC98C37A27E22123001EA4A4 /* Debug */,
				AC98C37B27E22123001EA4A4 /* Release */,
			);
			defaultConfigurationIsVisible = 0;
			defaultConfigurationName = Release;
		};
		AC98C37C27E22123001EA4A4 /* Build configuration list for PBXNativeTarget "NewsFeed" */ = {
			isa = XCConfigurationList;
			buildConfigurations = (
				AC98C37D27E22123001EA4A4 /* Debug */,
				AC98C37E27E22123001EA4A4 /* Release */,
			);
			defaultConfigurationIsVisible = 0;
			defaultConfigurationName = Release;
		};
/* End XCConfigurationList section */

/* Begin XCRemoteSwiftPackageReference section */
		AC98C37F27E22C9E001EA4A4 /* XCRemoteSwiftPackageReference "Alamofire" */ = {
			isa = XCRemoteSwiftPackageReference;
			repositoryURL = "https://github.com/Alamofire/Alamofire.git";
			requirement = {
				kind = upToNextMajorVersion;
				minimumVersion = 5.0.0;
			};
		};
		AC98C38227E22CBF001EA4A4 /* XCRemoteSwiftPackageReference "SDWebImage" */ = {
			isa = XCRemoteSwiftPackageReference;
			repositoryURL = "https://github.com/SDWebImage/SDWebImage.git";
			requirement = {
				kind = upToNextMajorVersion;
				minimumVersion = 5.0.0;
			};
		};
/* End XCRemoteSwiftPackageReference section */

/* Begin XCSwiftPackageProductDependency section */
		AC98C38027E22C9E001EA4A4 /* Alamofire */ = {
			isa = XCSwiftPackageProductDependency;
			package = AC98C37F27E22C9E001EA4A4 /* XCRemoteSwiftPackageReference "Alamofire" */;
			productName = Alamofire;
		};
		AC98C38327E22CBF001EA4A4 /* SDWebImage */ = {
			isa = XCSwiftPackageProductDependency;
			package = AC98C38227E22CBF001EA4A4 /* XCRemoteSwiftPackageReference "SDWebImage" */;
			productName = SDWebImage;
		};
/* End XCSwiftPackageProductDependency section */
	};
	rootObject = AC98C36027E22121001EA4A4 /* Project object */;
}
